
Microsoft Visual Studio Solution File, Format Version 12.00
# Visual Studio 15
VisualStudioVersion = 15.0.27703.2042
MinimumVisualStudioVersion = 10.0.40219.1
Project("{9A19103F-16F7-4668-BE54-9A1E7A4F7556}") = "AppStudentiWeb", "AppStudentiWeb\AppStudentiWeb.csproj", "{9727EFC7-9DA0-4BDF-BF03-F9AEBAB4DB33}"
EndProject
Project("{9A19103F-16F7-4668-BE54-9A1E7A4F7556}") = "AppStudentiCommon", "AppStudentiCommon\AppStudentiCommon.csproj", "{FB90F380-DBE4-4E87-A09E-09AC1423F101}"
EndProject
Project("{9A19103F-16F7-4668-BE54-9A1E7A4F7556}") = "AppStudentiBusiness", "AppStudentiBusiness\AppStudentiBusiness.csproj", "{4ECD8849-578B-4084-A40E-A6E6BF467E36}"
EndProject
Project("{9A19103F-16F7-4668-BE54-9A1E7A4F7556}") = "AppStudentiData", "AppStudentiData\AppStudentiData.csproj", "{991D9B62-B249-4987-9ECC-A08B44279BA8}"
EndProject
Project("{FAE04EC0-301F-11D3-BF4B-00C04F79EFBC}") = "WebTest", "WebTest\WebTest.csproj", "{6084AD65-48F6-4FD5-AC82-CEBD0D1C6EE8}"
EndProject
Global
	GlobalSection(SolutionConfigurationPlatforms) = preSolution
		Debug|Any CPU = Debug|Any CPU
		Release|Any CPU = Release|Any CPU
	EndGlobalSection
	GlobalSection(ProjectConfigurationPlatforms) = postSolution
		{9727EFC7-9DA0-4BDF-BF03-F9AEBAB4DB33}.Debug|Any CPU.ActiveCfg = Debug|Any CPU
		{9727EFC7-9DA0-4BDF-BF03-F9AEBAB4DB33}.Debug|Any CPU.Build.0 = Debug|Any CPU
		{9727EFC7-9DA0-4BDF-BF03-F9AEBAB4DB33}.Release|Any CPU.ActiveCfg = Release|Any CPU
		{9727EFC7-9DA0-4BDF-BF03-F9AEBAB4DB33}.Release|Any CPU.Build.0 = Release|Any CPU
		{FB90F380-DBE4-4E87-A09E-09AC1423F101}.Debug|Any CPU.ActiveCfg = Debug|Any CPU
		{FB90F380-DBE4-4E87-A09E-09AC1423F101}.Debug|Any CPU.Build.0 = Debug|Any CPU
		{FB90F380-DBE4-4E87-A09E-09AC1423F101}.Release|Any CPU.ActiveCfg = Release|Any CPU
		{FB90F380-DBE4-4E87-A09E-09AC1423F101}.Release|Any CPU.Build.0 = Release|Any CPU
		{4ECD8849-578B-4084-A40E-A6E6BF467E36}.Debug|Any CPU.ActiveCfg = Debug|Any CPU
		{4ECD8849-578B-4084-A40E-A6E6BF467E36}.Debug|Any CPU.Build.0 = Debug|Any CPU
		{4ECD8849-578B-4084-A40E-A6E6BF467E36}.Release|Any CPU.ActiveCfg = Release|Any CPU
		{4ECD8849-578B-4084-A40E-A6E6BF467E36}.Release|Any CPU.Build.0 = Release|Any CPU
		{991D9B62-B249-4987-9ECC-A08B44279BA8}.Debug|Any CPU.ActiveCfg = Debug|Any CPU
		{991D9B62-B249-4987-9ECC-A08B44279BA8}.Debug|Any CPU.Build.0 = Debug|Any CPU
		{991D9B62-B249-4987-9ECC-A08B44279BA8}.Release|Any CPU.ActiveCfg = Release|Any CPU
		{991D9B62-B249-4987-9ECC-A08B44279BA8}.Release|Any CPU.Build.0 = Release|Any CPU
		{6084AD65-48F6-4FD5-AC82-CEBD0D1C6EE8}.Debug|Any CPU.ActiveCfg = Debug|Any CPU
		{6084AD65-48F6-4FD5-AC82-CEBD0D1C6EE8}.Debug|Any CPU.Build.0 = Debug|Any CPU
		{6084AD65-48F6-4FD5-AC82-CEBD0D1C6EE8}.Release|Any CPU.ActiveCfg = Release|Any CPU
		{6084AD65-48F6-4FD5-AC82-CEBD0D1C6EE8}.Release|Any CPU.Build.0 = Release|Any CPU
	EndGlobalSection
	GlobalSection(SolutionProperties) = preSolution
		HideSolutionNode = FALSE
	EndGlobalSection
	GlobalSection(ExtensibilityGlobals) = postSolution
		SolutionGuid = {BBC7C38B-46A8-4C51-8A08-7937FD560A63}
	EndGlobalSection
EndGlobal
